
Microsoft Visual Studio Solution File, Format Version 12.00
# Visual Studio Version 18
VisualStudioVersion = 18.3.11520.95 d18.3
MinimumVisualStudioVersion = 10.0.40219.1
Project("{FAE04EC0-301F-11D3-BF4B-00C04F79EFBC}") = "Connectamente.Tests", "Connectamente.Tests\Connectamente.Tests.csproj", "{48A4B16C-9E87-4D5C-8171-FC4B4F69CCEA}"
EndProject
Project("{FAE04EC0-301F-11D3-BF4B-00C04F79EFBC}") = "Connectamente.API", "Connectamente.API\Connectamente.API.csproj", "{A07829AC-B877-4BA2-AA93-263E21AE0CBA}"
EndProject
Global
	GlobalSection(SolutionConfigurationPlatforms) = preSolution
		Debug|Any CPU = Debug|Any CPU
		Release|Any CPU = Release|Any CPU
	EndGlobalSection
	GlobalSection(ProjectConfigurationPlatforms) = postSolution
		{48A4B16C-9E87-4D5C-8171-FC4B4F69CCEA}.Debug|Any CPU.ActiveCfg = Debug|Any CPU
		{48A4B16C-9E87-4D5C-8171-FC4B4F69CCEA}.Debug|Any CPU.Build.0 = Debug|Any CPU
		{48A4B16C-9E87-4D5C-8171-FC4B4F69CCEA}.Release|Any CPU.ActiveCfg = Release|Any CPU
		{48A4B16C-9E87-4D5C-8171-FC4B4F69CCEA}.Release|Any CPU.Build.0 = Release|Any CPU
		{A07829AC-B877-4BA2-AA93-263E21AE0CBA}.Debug|Any CPU.ActiveCfg = Debug|Any CPU
		{A07829AC-B877-4BA2-AA93-263E21AE0CBA}.Debug|Any CPU.Build.0 = Debug|Any CPU
		{A07829AC-B877-4BA2-AA93-263E21AE0CBA}.Release|Any CPU.ActiveCfg = Release|Any CPU
		{A07829AC-B877-4BA2-AA93-263E21AE0CBA}.Release|Any CPU.Build.0 = Release|Any CPU
	EndGlobalSection
	GlobalSection(SolutionProperties) = preSolution
		HideSolutionNode = FALSE
	EndGlobalSection
	GlobalSection(ExtensibilityGlobals) = postSolution
		SolutionGuid = {60F39FC4-1128-4397-A7E6-0DF77D71935C}
	EndGlobalSection
EndGlobal
